
Microsoft Visual Studio Solution File, Format Version 12.00
# Visual Studio Version 17
VisualStudioVersion = 17.14.36327.8 d17.14
MinimumVisualStudioVersion = 10.0.40219.1
Project("{F2A71F9B-5D33-465A-A702-920D77279786}") = "F#", "F#.fsproj", "{BA71DD9E-D3F4-4183-AA63-33B1FB13DD09}"
EndProject
Global
	GlobalSection(SolutionConfigurationPlatforms) = preSolution
		Debug|Any CPU = Debug|Any CPU
		Release|Any CPU = Release|Any CPU
	EndGlobalSection
	GlobalSection(ProjectConfigurationPlatforms) = postSolution
		{BA71DD9E-D3F4-4183-AA63-33B1FB13DD09}.Debug|Any CPU.ActiveCfg = Debug|Any CPU
		{BA71DD9E-D3F4-4183-AA63-33B1FB13DD09}.Debug|Any CPU.Build.0 = Debug|Any CPU
		{BA71DD9E-D3F4-4183-AA63-33B1FB13DD09}.Release|Any CPU.ActiveCfg = Release|Any CPU
		{BA71DD9E-D3F4-4183-AA63-33B1FB13DD09}.Release|Any CPU.Build.0 = Release|Any CPU
	EndGlobalSection
	GlobalSection(SolutionProperties) = preSolution
		HideSolutionNode = FALSE
	EndGlobalSection
	GlobalSection(ExtensibilityGlobals) = postSolution
		SolutionGuid = {98E72BCA-3892-404B-8083-818E48D635D1}
	EndGlobalSection
EndGlobal
